
Microsoft Visual Studio Solution File, Format Version 12.00
# Visual Studio Version 17
VisualStudioVersion = 17.4.33205.214
MinimumVisualStudioVersion = 10.0.40219.1
Project("{8BC9CEB8-8B4A-11D0-8D11-00A0C91BC942}") = "BossKey", "BossKey.vcxproj", "{665D40C3-0943-4D6B-A05D-8E70B31D5543}"
EndProject
Global
	GlobalSection(SolutionConfigurationPlatforms) = preSolution
		Debug|x64 = Debug|x64
		Debug|x86 = Debug|x86
		Release|x64 = Release|x64
		Release|x86 = Release|x86
	EndGlobalSection
	GlobalSection(ProjectConfigurationPlatforms) = postSolution
		{665D40C3-0943-4D6B-A05D-8E70B31D5543}.Debug|x64.ActiveCfg = Debug|x64
		{665D40C3-0943-4D6B-A05D-8E70B31D5543}.Debug|x64.Build.0 = Debug|x64
		{665D40C3-0943-4D6B-A05D-8E70B31D5543}.Debug|x86.ActiveCfg = Debug|Win32
		{665D40C3-0943-4D6B-A05D-8E70B31D5543}.Debug|x86.Build.0 = Debug|Win32
		{665D40C3-0943-4D6B-A05D-8E70B31D5543}.Release|x64.ActiveCfg = Release|x64
		{665D40C3-0943-4D6B-A05D-8E70B31D5543}.Release|x64.Build.0 = Release|x64
		{665D40C3-0943-4D6B-A05D-8E70B31D5543}.Release|x86.ActiveCfg = Release|Win32
		{665D40C3-0943-4D6B-A05D-8E70B31D5543}.Release|x86.Build.0 = Release|Win32
	EndGlobalSection
	GlobalSection(SolutionProperties) = preSolution
		HideSolutionNode = FALSE
	EndGlobalSection
	GlobalSection(ExtensibilityGlobals) = postSolution
		SolutionGuid = {09EC07F6-E51A-4ABA-A40D-549D94455B70}
	EndGlobalSection
EndGlobal
